
Microsoft Visual Studio Solution File, Format Version 12.00
# Visual Studio 2013
VisualStudioVersion = 12.0.31101.0
MinimumVisualStudioVersion = 10.0.40219.1
Project("{8BC9CEB8-8B4A-11D0-8D11-00A0C91BC942}") = "test", "test\test.vcxproj", "{46A9E5A1-34D6-4AE1-9D23-F82FFB714378}"
EndProject
Project("{8BC9CEB8-8B4A-11D0-8D11-00A0C91BC942}") = "lv_process", "lv_process\lv_process.vcxproj", "{22E84E41-924A-4AE4-8500-D22BAB797D74}"
EndProject
Project("{2150E333-8FDC-42A3-9474-1A3956D46DE8}") = "licence", "licence", "{E79A77A4-BEDE-4B78-958B-D55DF6AC532B}"
	ProjectSection(SolutionItems) = preProject
		COPYING = COPYING
		COPYING.LESSER = COPYING.LESSER
		read_me.txt = read_me.txt
	EndProjectSection
EndProject
Global
	GlobalSection(SolutionConfigurationPlatforms) = preSolution
		Debug|Win32 = Debug|Win32
		Release|Win32 = Release|Win32
	EndGlobalSection
	GlobalSection(ProjectConfigurationPlatforms) = postSolution
		{46A9E5A1-34D6-4AE1-9D23-F82FFB714378}.Debug|Win32.ActiveCfg = Release|Win32
		{46A9E5A1-34D6-4AE1-9D23-F82FFB714378}.Debug|Win32.Build.0 = Release|Win32
		{46A9E5A1-34D6-4AE1-9D23-F82FFB714378}.Release|Win32.ActiveCfg = Release|Win32
		{46A9E5A1-34D6-4AE1-9D23-F82FFB714378}.Release|Win32.Build.0 = Release|Win32
		{22E84E41-924A-4AE4-8500-D22BAB797D74}.Debug|Win32.ActiveCfg = Release|Win32
		{22E84E41-924A-4AE4-8500-D22BAB797D74}.Debug|Win32.Build.0 = Release|Win32
		{22E84E41-924A-4AE4-8500-D22BAB797D74}.Release|Win32.ActiveCfg = Release|Win32
		{22E84E41-924A-4AE4-8500-D22BAB797D74}.Release|Win32.Build.0 = Release|Win32
	EndGlobalSection
	GlobalSection(SolutionProperties) = preSolution
		HideSolutionNode = FALSE
	EndGlobalSection
EndGlobal
